// !$*UTF8*$!
{
	archiveVersion = 1;
	classes = {
	};
	objectVersion = 46;
	objects = {

/* Begin PBXBuildFile section */
		8D4F7B351DC5607F008FE9F5 /* AppDelegate.swift in Sources */ = {isa = PBXBuildFile; fileRef = 8D4F7B341DC5607F008FE9F5 /* AppDelegate.swift */; };
		8D4F7B371DC5607F008FE9F5 /* ViewController.swift in Sources */ = {isa = PBXBuildFile; fileRef = 8D4F7B361DC5607F008FE9F5 /* ViewController.swift */; };
		8D4F7B3A1DC5607F008FE9F5 /* Main.storyboard in Resources */ = {isa = PBXBuildFile; fileRef = 8D4F7B381DC5607F008FE9F5 /* Main.storyboard */; };
		8D4F7B3D1DC5607F008FE9F5 /* dataTrack.xcdatamodeld in Sources */ = {isa = PBXBuildFile; fileRef = 8D4F7B3B1DC5607F008FE9F5 /* dataTrack.xcdatamodeld */; };
		8D4F7B3F1DC5607F008FE9F5 /* Assets.xcassets in Resources */ = {isa = PBXBuildFile; fileRef = 8D4F7B3E1DC5607F008FE9F5 /* Assets.xcassets */; };
		8D4F7B421DC5607F008FE9F5 /* LaunchScreen.storyboard in Resources */ = {isa = PBXBuildFile; fileRef = 8D4F7B401DC5607F008FE9F5 /* LaunchScreen.storyboard */; };
		8D4F7B4D1DC5607F008FE9F5 /* dataTrackTests.swift in Sources */ = {isa = PBXBuildFile; fileRef = 8D4F7B4C1DC5607F008FE9F5 /* dataTrackTests.swift */; };
		8D4F7B581DC5607F008FE9F5 /* dataTrackUITests.swift in Sources */ = {isa = PBXBuildFile; fileRef = 8D4F7B571DC5607F008FE9F5 /* dataTrackUITests.swift */; };
/* End PBXBuildFile section */

/* Begin PBXContainerItemProxy section */
		8D4F7B491DC5607F008FE9F5 /* PBXContainerItemProxy */ = {
			isa = PBXContainerItemProxy;
			containerPortal = 8D4F7B291DC5607F008FE9F5 /* Project object */;
			proxyType = 1;
			remoteGlobalIDString = 8D4F7B301DC5607F008FE9F5;
			remoteInfo = dataTrack;
		};
		8D4F7B541DC5607F008FE9F5 /* PBXContainerItemProxy */ = {
			isa = PBXContainerItemProxy;
			containerPortal = 8D4F7B291DC5607F008FE9F5 /* Project object */;
			proxyType = 1;
			remoteGlobalIDString = 8D4F7B301DC5607F008FE9F5;
			remoteInfo = dataTrack;
		};
/* End PBXContainerItemProxy section */

/* Begin PBXFileReference section */
		8D4F7B311DC5607F008FE9F5 /* dataTrack.app */ = {isa = PBXFileReference; explicitFileType = wrapper.application; includeInIndex = 0; path = dataTrack.app; sourceTree = BUILT_PRODUCTS_DIR; };
		8D4F7B341DC5607F008FE9F5 /* AppDelegate.swift */ = {isa = PBXFileReference; lastKnownFileType = sourcecode.swift; path = AppDelegate.swift; sourceTree = "<group>"; };
		8D4F7B361DC5607F008FE9F5 /* ViewController.swift */ = {isa = PBXFileReference; lastKnownFileType = sourcecode.swift; path = ViewController.swift; sourceTree = "<group>"; };
		8D4F7B391DC5607F008FE9F5 /* Base */ = {isa = PBXFileReference; lastKnownFileType = file.storyboard; name = Base; path = Base.lproj/Main.storyboard; sourceTree = "<group>"; };
		8D4F7B3C1DC5607F008FE9F5 /* dataTrack.xcdatamodel */ = {isa = PBXFileReference; lastKnownFileType = wrapper.xcdatamodel; path = dataTrack.xcdatamodel; sourceTree = "<group>"; };
		8D4F7B3E1DC5607F008FE9F5 /* Assets.xcassets */ = {isa = PBXFileReference; lastKnownFileType = folder.assetcatalog; path = Assets.xcassets; sourceTree = "<group>"; };
		8D4F7B411DC5607F008FE9F5 /* Base */ = {isa = PBXFileReference; lastKnownFileType = file.storyboard; name = Base; path = Base.lproj/LaunchScreen.storyboard; sourceTree = "<group>"; };
		8D4F7B431DC5607F008FE9F5 /* Info.plist */ = {isa = PBXFileReference; lastKnownFileType = text.plist.xml; path = Info.plist; sourceTree = "<group>"; };
		8D4F7B481DC5607F008FE9F5 /* dataTrackTests.xctest */ = {isa = PBXFileReference; explicitFileType = wrapper.cfbundle; includeInIndex = 0; path = dataTrackTests.xctest; sourceTree = BUILT_PRODUCTS_DIR; };
		8D4F7B4C1DC5607F008FE9F5 /* dataTrackTests.swift */ = {isa = PBXFileReference; lastKnownFileType = sourcecode.swift; path = dataTrackTests.swift; sourceTree = "<group>"; };
		8D4F7B4E1DC5607F008FE9F5 /* Info.plist */ = {isa = PBXFileReference; lastKnownFileType = text.plist.xml; path = Info.plist; sourceTree = "<group>"; };
		8D4F7B531DC5607F008FE9F5 /* dataTrackUITests.xctest */ = {isa = PBXFileReference; explicitFileType = wrapper.cfbundle; includeInIndex = 0; path = dataTrackUITests.xctest; sourceTree = BUILT_PRODUCTS_DIR; };
		8D4F7B571DC5607F008FE9F5 /* dataTrackUITests.swift */ = {isa = PBXFileReference; lastKnownFileType = sourcecode.swift; path = dataTrackUITests.swift; sourceTree = "<group>"; };
		8D4F7B591DC5607F008FE9F5 /* Info.plist */ = {isa = PBXFileReference; lastKnownFileType = text.plist.xml; path = Info.plist; sourceTree = "<group>"; };
/* End PBXFileReference section */

/* Begin PBXFrameworksBuildPhase section */
		8D4F7B2E1DC5607F008FE9F5 /* Frameworks */ = {
			isa = PBXFrameworksBuildPhase;
			buildActionMask = 2147483647;
			files = (
			);
			runOnlyForDeploymentPostprocessing = 0;
		};
		8D4F7B451DC5607F008FE9F5 /* Frameworks */ = {
			isa = PBXFrameworksBuildPhase;
			buildActionMask = 2147483647;
			files = (
			);
			runOnlyForDeploymentPostprocessing = 0;
		};
		8D4F7B501DC5607F008FE9F5 /* Frameworks */ = {
			isa = PBXFrameworksBuildPhase;
			buildActionMask = 2147483647;
			files = (
			);
			runOnlyForDeploymentPostprocessing = 0;
		};
/* End PBXFrameworksBuildPhase section */

/* Begin PBXGroup section */
		8D4F7B281DC5607F008FE9F5 = {
			isa = PBXGroup;
			children = (
				8D4F7B331DC5607F008FE9F5 /* dataTrack */,
				8D4F7B4B1DC5607F008FE9F5 /* dataTrackTests */,
				8D4F7B561DC5607F008FE9F5 /* dataTrackUITests */,
				8D4F7B321DC5607F008FE9F5 /* Products */,
			);
			sourceTree = "<group>";
		};
		8D4F7B321DC5607F008FE9F5 /* Products */ = {
			isa = PBXGroup;
			children = (
				8D4F7B311DC5607F008FE9F5 /* dataTrack.app */,
				8D4F7B481DC5607F008FE9F5 /* dataTrackTests.xctest */,
				8D4F7B531DC5607F008FE9F5 /* dataTrackUITests.xctest */,
			);
			name = Products;
			sourceTree = "<group>";
		};
		8D4F7B331DC5607F008FE9F5 /* dataTrack */ = {
			isa = PBXGroup;
			children = (
				8D4F7B341DC5607F008FE9F5 /* AppDelegate.swift */,
				8D4F7B361DC5607F008FE9F5 /* ViewController.swift */,
				8D4F7B381DC5607F008FE9F5 /* Main.storyboard */,
				8D4F7B3E1DC5607F008FE9F5 /* Assets.xcassets */,
				8D4F7B401DC5607F008FE9F5 /* LaunchScreen.storyboard */,
				8D4F7B431DC5607F008FE9F5 /* Info.plist */,
				8D4F7B3B1DC5607F008FE9F5 /* dataTrack.xcdatamodeld */,
			);
			path = dataTrack;
			sourceTree = "<group>";
		};
		8D4F7B4B1DC5607F008FE9F5 /* dataTrackTests */ = {
			isa = PBXGroup;
			children = (
				8D4F7B4C1DC5607F008FE9F5 /* dataTrackTests.swift */,
				8D4F7B4E1DC5607F008FE9F5 /* Info.plist */,
			);
			path = dataTrackTests;
			sourceTree = "<group>";
		};
		8D4F7B561DC5607F008FE9F5 /* dataTrackUITests */ = {
			isa = PBXGroup;
			children = (
				8D4F7B571DC5607F008FE9F5 /* dataTrackUITests.swift */,
				8D4F7B591DC5607F008FE9F5 /* Info.plist */,
			);
			path = dataTrackUITests;
			sourceTree = "<group>";
		};
/* End PBXGroup section */

/* Begin PBXNativeTarget section */
		8D4F7B301DC5607F008FE9F5 /* dataTrack */ = {
			isa = PBXNativeTarget;
			buildConfigurationList = 8D4F7B5C1DC5607F008FE9F5 /* Build configuration list for PBXNativeTarget "dataTrack" */;
			buildPhases = (
				8D4F7B2D1DC5607F008FE9F5 /* Sources */,
				8D4F7B2E1DC5607F008FE9F5 /* Frameworks */,
				8D4F7B2F1DC5607F008FE9F5 /* Resources */,
			);
			buildRules = (
			);
			dependencies = (
			);
			name = dataTrack;
			productName = dataTrack;
			productReference = 8D4F7B311DC5607F008FE9F5 /* dataTrack.app */;
			productType = "com.apple.product-type.application";
		};
		8D4F7B471DC5607F008FE9F5 /* dataTrackTests */ = {
			isa = PBXNativeTarget;
			buildConfigurationList = 8D4F7B5F1DC5607F008FE9F5 /* Build configuration list for PBXNativeTarget "dataTrackTests" */;
			buildPhases = (
				8D4F7B441DC5607F008FE9F5 /* Sources */,
				8D4F7B451DC5607F008FE9F5 /* Frameworks */,
				8D4F7B461DC5607F008FE9F5 /* Resources */,
			);
			buildRules = (
			);
			dependencies = (
				8D4F7B4A1DC5607F008FE9F5 /* PBXTargetDependency */,
			);
			name = dataTrackTests;
			productName = dataTrackTests;
			productReference = 8D4F7B481DC5607F008FE9F5 /* dataTrackTests.xctest */;
			productType = "com.apple.product-type.bundle.unit-test";
		};
		8D4F7B521DC5607F008FE9F5 /* dataTrackUITests */ = {
			isa = PBXNativeTarget;
			buildConfigurationList = 8D4F7B621DC5607F008FE9F5 /* Build configuration list for PBXNativeTarget "dataTrackUITests" */;
			buildPhases = (
				8D4F7B4F1DC5607F008FE9F5 /* Sources */,
				8D4F7B501DC5607F008FE9F5 /* Frameworks */,
				8D4F7B511DC5607F008FE9F5 /* Resources */,
			);
			buildRules = (
			);
			dependencies = (
				8D4F7B551DC5607F008FE9F5 /* PBXTargetDependency */,
			);
			name = dataTrackUITests;
			productName = dataTrackUITests;
			productReference = 8D4F7B531DC5607F008FE9F5 /* dataTrackUITests.xctest */;
			productType = "com.apple.product-type.bundle.ui-testing";
		};
/* End PBXNativeTarget section */

/* Begin PBXProject section */
		8D4F7B291DC5607F008FE9F5 /* Project object */ = {
			isa = PBXProject;
			attributes = {
				LastSwiftUpdateCheck = 0800;
				LastUpgradeCheck = 0800;
				ORGANIZATIONNAME = "Greg Loakes";
				TargetAttributes = {
					8D4F7B301DC5607F008FE9F5 = {
						CreatedOnToolsVersion = 8.0;
						ProvisioningStyle = Automatic;
					};
					8D4F7B471DC5607F008FE9F5 = {
						CreatedOnToolsVersion = 8.0;
						ProvisioningStyle = Automatic;
						TestTargetID = 8D4F7B301DC5607F008FE9F5;
					};
					8D4F7B521DC5607F008FE9F5 = {
						CreatedOnToolsVersion = 8.0;
						ProvisioningStyle = Automatic;
						TestTargetID = 8D4F7B301DC5607F008FE9F5;
					};
				};
			};
			buildConfigurationList = 8D4F7B2C1DC5607F008FE9F5 /* Build configuration list for PBXProject "dataTrack" */;
			compatibilityVersion = "Xcode 3.2";
			developmentRegion = English;
			hasScannedForEncodings = 0;
			knownRegions = (
				en,
				Base,
			);
			mainGroup = 8D4F7B281DC5607F008FE9F5;
			productRefGroup = 8D4F7B321DC5607F008FE9F5 /* Products */;
			projectDirPath = "";
			projectRoot = "";
			targets = (
				8D4F7B301DC5607F008FE9F5 /* dataTrack */,
				8D4F7B471DC5607F008FE9F5 /* dataTrackTests */,
				8D4F7B521DC5607F008FE9F5 /* dataTrackUITests */,
			);
		};
/* End PBXProject section */

/* Begin PBXResourcesBuildPhase section */
		8D4F7B2F1DC5607F008FE9F5 /* Resources */ = {
			isa = PBXResourcesBuildPhase;
			buildActionMask = 2147483647;
			files = (
				8D4F7B421DC5607F008FE9F5 /* LaunchScreen.storyboard in Resources */,
				8D4F7B3F1DC5607F008FE9F5 /* Assets.xcassets in Resources */,
				8D4F7B3A1DC5607F008FE9F5 /* Main.storyboard in Resources */,
			);
			runOnlyForDeploymentPostprocessing = 0;
		};
		8D4F7B461DC5607F008FE9F5 /* Resources */ = {
			isa = PBXResourcesBuildPhase;
			buildActionMask = 2147483647;
			files = (
			);
			runOnlyForDeploymentPostprocessing = 0;
		};
		8D4F7B511DC5607F008FE9F5 /* Resources */ = {
			isa = PBXResourcesBuildPhase;
			buildActionMask = 2147483647;
			files = (
			);
			runOnlyForDeploymentPostprocessing = 0;
		};
/* End PBXResourcesBuildPhase section */

/* Begin PBXSourcesBuildPhase section */
		8D4F7B2D1DC5607F008FE9F5 /* Sources */ = {
			isa = PBXSourcesBuildPhase;
			buildActionMask = 2147483647;
			files = (
				8D4F7B371DC5607F008FE9F5 /* ViewController.swift in Sources */,
				8D4F7B351DC5607F008FE9F5 /* AppDelegate.swift in Sources */,
				8D4F7B3D1DC5607F008FE9F5 /* dataTrack.xcdatamodeld in Sources */,
			);
			runOnlyForDeploymentPostprocessing = 0;
		};
		8D4F7B441DC5607F008FE9F5 /* Sources */ = {
			isa = PBXSourcesBuildPhase;
			buildActionMask = 2147483647;
			files = (
				8D4F7B4D1DC5607F008FE9F5 /* dataTrackTests.swift in Sources */,
			);
			runOnlyForDeploymentPostprocessing = 0;
		};
		8D4F7B4F1DC5607F008FE9F5 /* Sources */ = {
			isa = PBXSourcesBuildPhase;
			buildActionMask = 2147483647;
			files = (
				8D4F7B581DC5607F008FE9F5 /* dataTrackUITests.swift in Sources */,
			);
			runOnlyForDeploymentPostprocessing = 0;
		};
/* End PBXSourcesBuildPhase section */

/* Begin PBXTargetDependency section */
		8D4F7B4A1DC5607F008FE9F5 /* PBXTargetDependency */ = {
			isa = PBXTargetDependency;
			target = 8D4F7B301DC5607F008FE9F5 /* dataTrack */;
			targetProxy = 8D4F7B491DC5607F008FE9F5 /* PBXContainerItemProxy */;
		};
		8D4F7B551DC5607F008FE9F5 /* PBXTargetDependency */ = {
			isa = PBXTargetDependency;
			target = 8D4F7B301DC5607F008FE9F5 /* dataTrack */;
			targetProxy = 8D4F7B541DC5607F008FE9F5 /* PBXContainerItemProxy */;
		};
/* End PBXTargetDependency section */

/* Begin PBXVariantGroup section */
		8D4F7B381DC5607F008FE9F5 /* Main.storyboard */ = {
			isa = PBXVariantGroup;
			children = (
				8D4F7B391DC5607F008FE9F5 /* Base */,
			);
			name = Main.storyboard;
			sourceTree = "<group>";
		};
		8D4F7B401DC5607F008FE9F5 /* LaunchScreen.storyboard */ = {
			isa = PBXVariantGroup;
			children = (
				8D4F7B411DC5607F008FE9F5 /* Base */,
			);
			name = LaunchScreen.storyboard;
			sourceTree = "<group>";
		};
/* End PBXVariantGroup section */

/* Begin XCBuildConfiguration section */
		8D4F7B5A1DC5607F008FE9F5 /* Debug */ = {
			isa = XCBuildConfiguration;
			buildSettings = {
				ALWAYS_SEARCH_USER_PATHS = NO;
				CLANG_ANALYZER_NONNULL = YES;
				CLANG_CXX_LANGUAGE_STANDARD = "gnu++0x";
				CLANG_CXX_LIBRARY = "libc++";
				CLANG_ENABLE_MODULES = YES;
				CLANG_ENABLE_OBJC_ARC = YES;
				CLANG_WARN_BOOL_CONVERSION = YES;
				CLANG_WARN_CONSTANT_CONVERSION = YES;
				CLANG_WARN_DIRECT_OBJC_ISA_USAGE = YES_ERROR;
				CLANG_WARN_DOCUMENTATION_COMMENTS = YES;
				CLANG_WARN_EMPTY_BODY = YES;
				CLANG_WARN_ENUM_CONVERSION = YES;
				CLANG_WARN_INFINITE_RECURSION = YES;
				CLANG_WARN_INT_CONVERSION = YES;
				CLANG_WARN_OBJC_ROOT_CLASS = YES_ERROR;
				CLANG_WARN_SUSPICIOUS_MOVES = YES;
				CLANG_WARN_UNREACHABLE_CODE = YES;
				CLANG_WARN__DUPLICATE_METHOD_MATCH = YES;
				"CODE_SIGN_IDENTITY[sdk=iphoneos*]" = "iPhone Developer";
				COPY_PHASE_STRIP = NO;
				DEBUG_INFORMATION_FORMAT = dwarf;
				ENABLE_STRICT_OBJC_MSGSEND = YES;
				ENABLE_TESTABILITY = YES;
				GCC_C_LANGUAGE_STANDARD = gnu99;
				GCC_DYNAMIC_NO_PIC = NO;
				GCC_NO_COMMON_BLOCKS = YES;
				GCC_OPTIMIZATION_LEVEL = 0;
				GCC_PREPROCESSOR_DEFINITIONS = (
					"DEBUG=1",
					"$(inherited)",
				);
				GCC_WARN_64_TO_32_BIT_CONVERSION = YES;
				GCC_WARN_ABOUT_RETURN_TYPE = YES_ERROR;
				GCC_WARN_UNDECLARED_SELECTOR = YES;
				GCC_WARN_UNINITIALIZED_AUTOS = YES_AGGRESSIVE;
				GCC_WARN_UNUSED_FUNCTION = YES;
				GCC_WARN_UNUSED_VARIABLE = YES;
				IPHONEOS_DEPLOYMENT_TARGET = 10.0;
				MTL_ENABLE_DEBUG_INFO = YES;
				ONLY_ACTIVE_ARCH = YES;
				SDKROOT = iphoneos;
				SWIFT_ACTIVE_COMPILATION_CONDITIONS = DEBUG;
				SWIFT_OPTIMIZATION_LEVEL = "-Onone";
				TARGETED_DEVICE_FAMILY = "1,2";
			};
			name = Debug;
		};
		8D4F7B5B1DC5607F008FE9F5 /* Release */ = {
			isa = XCBuildConfiguration;
			buildSettings = {
				ALWAYS_SEARCH_USER_PATHS = NO;
				CLANG_ANALYZER_NONNULL = YES;
				CLANG_CXX_LANGUAGE_STANDARD = "gnu++0x";
				CLANG_CXX_LIBRARY = "libc++";
				CLANG_ENABLE_MODULES = YES;
				CLANG_ENABLE_OBJC_ARC = YES;
				CLANG_WARN_BOOL_CONVERSION = YES;
				CLANG_WARN_CONSTANT_CONVERSION = YES;
				CLANG_WARN_DIRECT_OBJC_ISA_USAGE = YES_ERROR;
				CLANG_WARN_DOCUMENTATION_COMMENTS = YES;
				CLANG_WARN_EMPTY_BODY = YES;
				CLANG_WARN_ENUM_CONVERSION = YES;
				CLANG_WARN_INFINITE_RECURSION = YES;
				CLANG_WARN_INT_CONVERSION = YES;
				CLANG_WARN_OBJC_ROOT_CLASS = YES_ERROR;
				CLANG_WARN_SUSPICIOUS_MOVES = YES;
				CLANG_WARN_UNREACHABLE_CODE = YES;
				CLANG_WARN__DUPLICATE_METHOD_MATCH = YES;
				"CODE_SIGN_IDENTITY[sdk=iphoneos*]" = "iPhone Developer";
				COPY_PHASE_STRIP = NO;
				DEBUG_INFORMATION_FORMAT = "dwarf-with-dsym";
				ENABLE_NS_ASSERTIONS = NO;
				ENABLE_STRICT_OBJC_MSGSEND = YES;
				GCC_C_LANGUAGE_STANDARD = gnu99;
				GCC_NO_COMMON_BLOCKS = YES;
				GCC_WARN_64_TO_32_BIT_CONVERSION = YES;
				GCC_WARN_ABOUT_RETURN_TYPE = YES_ERROR;
				GCC_WARN_UNDECLARED_SELECTOR = YES;
				GCC_WARN_UNINITIALIZED_AUTOS = YES_AGGRESSIVE;
				GCC_WARN_UNUSED_FUNCTION = YES;
				GCC_WARN_UNUSED_VARIABLE = YES;
				IPHONEOS_DEPLOYMENT_TARGET = 10.0;
				MTL_ENABLE_DEBUG_INFO = NO;
				SDKROOT = iphoneos;
				SWIFT_OPTIMIZATION_LEVEL = "-Owholemodule";
				TARGETED_DEVICE_FAMILY = "1,2";
				VALIDATE_PRODUCT = YES;
			};
			name = Release;
		};
		8D4F7B5D1DC5607F008FE9F5 /* Debug */ = {
			isa = XCBuildConfiguration;
			buildSettings = {
				ASSETCATALOG_COMPILER_APPICON_NAME = AppIcon;
				INFOPLIST_FILE = dataTrack/Info.plist;
				LD_RUNPATH_SEARCH_PATHS = "$(inherited) @executable_path/Frameworks";
				PRODUCT_BUNDLE_IDENTIFIER = com.loakeslabs.dataTrack;
				PRODUCT_NAME = "$(TARGET_NAME)";
				SWIFT_VERSION = 3.0;
			};
			name = Debug;
		};
		8D4F7B5E1DC5607F008FE9F5 /* Release */ = {
			isa = XCBuildConfiguration;
			buildSettings = {
				ASSETCATALOG_COMPILER_APPICON_NAME = AppIcon;
				INFOPLIST_FILE = dataTrack/Info.plist;
				LD_RUNPATH_SEARCH_PATHS = "$(inherited) @executable_path/Frameworks";
				PRODUCT_BUNDLE_IDENTIFIER = com.loakeslabs.dataTrack;
				PRODUCT_NAME = "$(TARGET_NAME)";
				SWIFT_VERSION = 3.0;
			};
			name = Release;
		};
		8D4F7B601DC5607F008FE9F5 /* Debug */ = {
			isa = XCBuildConfiguration;
			buildSettings = {
				ALWAYS_EMBED_SWIFT_STANDARD_LIBRARIES = YES;
				BUNDLE_LOADER = "$(TEST_HOST)";
				INFOPLIST_FILE = dataTrackTests/Info.plist;
				LD_RUNPATH_SEARCH_PATHS = "$(inherited) @executable_path/Frameworks @loader_path/Frameworks";
				PRODUCT_BUNDLE_IDENTIFIER = com.loakeslabs.dataTrackTests;
				PRODUCT_NAME = "$(TARGET_NAME)";
				SWIFT_VERSION = 3.0;
				TEST_HOST = "$(BUILT_PRODUCTS_DIR)/dataTrack.app/dataTrack";
			};
			name = Debug;
		};
		8D4F7B611DC5607F008FE9F5 /* Release */ = {
			isa = XCBuildConfiguration;
			buildSettings = {
				ALWAYS_EMBED_SWIFT_STANDARD_LIBRARIES = YES;
				BUNDLE_LOADER = "$(TEST_HOST)";
				INFOPLIST_FILE = dataTrackTests/Info.plist;
				LD_RUNPATH_SEARCH_PATHS = "$(inherited) @executable_path/Frameworks @loader_path/Frameworks";
				PRODUCT_BUNDLE_IDENTIFIER = com.loakeslabs.dataTrackTests;
				PRODUCT_NAME = "$(TARGET_NAME)";
				SWIFT_VERSION = 3.0;
				TEST_HOST = "$(BUILT_PRODUCTS_DIR)/dataTrack.app/dataTrack";
			};
			name = Release;
		};
		8D4F7B631DC5607F008FE9F5 /* Debug */ = {
			isa = XCBuildConfiguration;
			buildSettings = {
				ALWAYS_EMBED_SWIFT_STANDARD_LIBRARIES = YES;
				INFOPLIST_FILE = dataTrackUITests/Info.plist;
				LD_RUNPATH_SEARCH_PATHS = "$(inherited) @executable_path/Frameworks @loader_path/Frameworks";
				PRODUCT_BUNDLE_IDENTIFIER = com.loakeslabs.dataTrackUITests;
				PRODUCT_NAME = "$(TARGET_NAME)";
				SWIFT_VERSION = 3.0;
				TEST_TARGET_NAME = dataTrack;
			};
			name = Debug;
		};
		8D4F7B641DC5607F008FE9F5 /* Release */ = {
			isa = XCBuildConfiguration;
			buildSettings = {
				ALWAYS_EMBED_SWIFT_STANDARD_LIBRARIES = YES;
				INFOPLIST_FILE = dataTrackUITests/Info.plist;
				LD_RUNPATH_SEARCH_PATHS = "$(inherited) @executable_path/Frameworks @loader_path/Frameworks";
				PRODUCT_BUNDLE_IDENTIFIER = com.loakeslabs.dataTrackUITests;
				PRODUCT_NAME = "$(TARGET_NAME)";
				SWIFT_VERSION = 3.0;
				TEST_TARGET_NAME = dataTrack;
			};
			name = Release;
		};
/* End XCBuildConfiguration section */

/* Begin XCConfigurationList section */
		8D4F7B2C1DC5607F008FE9F5 /* Build configuration list for PBXProject "dataTrack" */ = {
			isa = XCConfigurationList;
			buildConfigurations = (
				8D4F7B5A1DC5607F008FE9F5 /* Debug */,
				8D4F7B5B1DC5607F008FE9F5 /* Release */,
			);
			defaultConfigurationIsVisible = 0;
			defaultConfigurationName = Release;
		};
		8D4F7B5C1DC5607F008FE9F5 /* Build configuration list for PBXNativeTarget "dataTrack" */ = {
			isa = XCConfigurationList;
			buildConfigurations = (
				8D4F7B5D1DC5607F008FE9F5 /* Debug */,
				8D4F7B5E1DC5607F008FE9F5 /* Release */,
			);
			defaultConfigurationIsVisible = 0;
		};
		8D4F7B5F1DC5607F008FE9F5 /* Build configuration list for PBXNativeTarget "dataTrackTests" */ = {
			isa = XCConfigurationList;
			buildConfigurations = (
				8D4F7B601DC5607F008FE9F5 /* Debug */,
				8D4F7B611DC5607F008FE9F5 /* Release */,
			);
			defaultConfigurationIsVisible = 0;
		};
		8D4F7B621DC5607F008FE9F5 /* Build configuration list for PBXNativeTarget "dataTrackUITests" */ = {
			isa = XCConfigurationList;
			buildConfigurations = (
				8D4F7B631DC5607F008FE9F5 /* Debug */,
				8D4F7B641DC5607F008FE9F5 /* Release */,
			);
			defaultConfigurationIsVisible = 0;
		};
/* End XCConfigurationList section */

/* Begin XCVersionGroup section */
		8D4F7B3B1DC5607F008FE9F5 /* dataTrack.xcdatamodeld */ = {
			isa = XCVersionGroup;
			children = (
				8D4F7B3C1DC5607F008FE9F5 /* dataTrack.xcdatamodel */,
			);
			currentVersion = 8D4F7B3C1DC5607F008FE9F5 /* dataTrack.xcdatamodel */;
			path = dataTrack.xcdatamodeld;
			sourceTree = "<group>";
			versionGroupType = wrapper.xcdatamodel;
		};
/* End XCVersionGroup section */
	};
	rootObject = 8D4F7B291DC5607F008FE9F5 /* Project object */;
}
